// !$*UTF8*$!
{
	archiveVersion = 1;
	classes = {
	};
	objectVersion = 46;
	objects = {

/* Begin PBXBuildFile section */
		099A338F1CBECFDF00B6F586 /* AppDelegate.swift in Sources */ = {isa = PBXBuildFile; fileRef = 099A338E1CBECFDF00B6F586 /* AppDelegate.swift */; };
		099A33961CBECFDF00B6F586 /* Assets.xcassets in Resources */ = {isa = PBXBuildFile; fileRef = 099A33951CBECFDF00B6F586 /* Assets.xcassets */; };
		099A33991CBECFDF00B6F586 /* LaunchScreen.storyboard in Resources */ = {isa = PBXBuildFile; fileRef = 099A33971CBECFDF00B6F586 /* LaunchScreen.storyboard */; };
		099A33A41CBECFE000B6F586 /* flickrTests.swift in Sources */ = {isa = PBXBuildFile; fileRef = 099A33A31CBECFE000B6F586 /* flickrTests.swift */; };
		099A33AF1CBECFE000B6F586 /* flickrUITests.swift in Sources */ = {isa = PBXBuildFile; fileRef = 099A33AE1CBECFE000B6F586 /* flickrUITests.swift */; };
		099A33BD1CBED01A00B6F586 /* RootViewController.swift in Sources */ = {isa = PBXBuildFile; fileRef = 099A33BC1CBED01A00B6F586 /* RootViewController.swift */; };
/* End PBXBuildFile section */

/* Begin PBXContainerItemProxy section */
		099A33A01CBECFE000B6F586 /* PBXContainerItemProxy */ = {
			isa = PBXContainerItemProxy;
			containerPortal = 099A33831CBECFDF00B6F586 /* Project object */;
			proxyType = 1;
			remoteGlobalIDString = 099A338A1CBECFDF00B6F586;
			remoteInfo = flickr;
		};
		099A33AB1CBECFE000B6F586 /* PBXContainerItemProxy */ = {
			isa = PBXContainerItemProxy;
			containerPortal = 099A33831CBECFDF00B6F586 /* Project object */;
			proxyType = 1;
			remoteGlobalIDString = 099A338A1CBECFDF00B6F586;
			remoteInfo = flickr;
		};
/* End PBXContainerItemProxy section */

/* Begin PBXFileReference section */
		099A338B1CBECFDF00B6F586 /* flickr.app */ = {isa = PBXFileReference; explicitFileType = wrapper.application; includeInIndex = 0; path = flickr.app; sourceTree = BUILT_PRODUCTS_DIR; };
		099A338E1CBECFDF00B6F586 /* AppDelegate.swift */ = {isa = PBXFileReference; lastKnownFileType = sourcecode.swift; path = AppDelegate.swift; sourceTree = "<group>"; };
		099A33951CBECFDF00B6F586 /* Assets.xcassets */ = {isa = PBXFileReference; lastKnownFileType = folder.assetcatalog; path = Assets.xcassets; sourceTree = "<group>"; };
		099A33981CBECFDF00B6F586 /* Base */ = {isa = PBXFileReference; lastKnownFileType = file.storyboard; name = Base; path = Base.lproj/LaunchScreen.storyboard; sourceTree = "<group>"; };
		099A339A1CBECFDF00B6F586 /* Info.plist */ = {isa = PBXFileReference; lastKnownFileType = text.plist.xml; path = Info.plist; sourceTree = "<group>"; };
		099A339F1CBECFE000B6F586 /* flickrTests.xctest */ = {isa = PBXFileReference; explicitFileType = wrapper.cfbundle; includeInIndex = 0; path = flickrTests.xctest; sourceTree = BUILT_PRODUCTS_DIR; };
		099A33A31CBECFE000B6F586 /* flickrTests.swift */ = {isa = PBXFileReference; lastKnownFileType = sourcecode.swift; path = flickrTests.swift; sourceTree = "<group>"; };
		099A33A51CBECFE000B6F586 /* Info.plist */ = {isa = PBXFileReference; lastKnownFileType = text.plist.xml; path = Info.plist; sourceTree = "<group>"; };
		099A33AA1CBECFE000B6F586 /* flickrUITests.xctest */ = {isa = PBXFileReference; explicitFileType = wrapper.cfbundle; includeInIndex = 0; path = flickrUITests.xctest; sourceTree = BUILT_PRODUCTS_DIR; };
		099A33AE1CBECFE000B6F586 /* flickrUITests.swift */ = {isa = PBXFileReference; lastKnownFileType = sourcecode.swift; path = flickrUITests.swift; sourceTree = "<group>"; };
		099A33B01CBECFE000B6F586 /* Info.plist */ = {isa = PBXFileReference; lastKnownFileType = text.plist.xml; path = Info.plist; sourceTree = "<group>"; };
		099A33BC1CBED01A00B6F586 /* RootViewController.swift */ = {isa = PBXFileReference; fileEncoding = 4; lastKnownFileType = sourcecode.swift; path = RootViewController.swift; sourceTree = "<group>"; };
/* End PBXFileReference section */

/* Begin PBXFrameworksBuildPhase section */
		099A33881CBECFDF00B6F586 /* Frameworks */ = {
			isa = PBXFrameworksBuildPhase;
			buildActionMask = 2147483647;
			files = (
			);
			runOnlyForDeploymentPostprocessing = 0;
		};
		099A339C1CBECFE000B6F586 /* Frameworks */ = {
			isa = PBXFrameworksBuildPhase;
			buildActionMask = 2147483647;
			files = (
			);
			runOnlyForDeploymentPostprocessing = 0;
		};
		099A33A71CBECFE000B6F586 /* Frameworks */ = {
			isa = PBXFrameworksBuildPhase;
			buildActionMask = 2147483647;
			files = (
			);
			runOnlyForDeploymentPostprocessing = 0;
		};
/* End PBXFrameworksBuildPhase section */

/* Begin PBXGroup section */
		099A33821CBECFDF00B6F586 = {
			isa = PBXGroup;
			children = (
				099A338D1CBECFDF00B6F586 /* flickr */,
				099A33A21CBECFE000B6F586 /* flickrTests */,
				099A33AD1CBECFE000B6F586 /* flickrUITests */,
				099A338C1CBECFDF00B6F586 /* Products */,
			);
			sourceTree = "<group>";
		};
		099A338C1CBECFDF00B6F586 /* Products */ = {
			isa = PBXGroup;
			children = (
				099A338B1CBECFDF00B6F586 /* flickr.app */,
				099A339F1CBECFE000B6F586 /* flickrTests.xctest */,
				099A33AA1CBECFE000B6F586 /* flickrUITests.xctest */,
			);
			name = Products;
			sourceTree = "<group>";
		};
		099A338D1CBECFDF00B6F586 /* flickr */ = {
			isa = PBXGroup;
			children = (
				099A338E1CBECFDF00B6F586 /* AppDelegate.swift */,
				099A33BC1CBED01A00B6F586 /* RootViewController.swift */,
				099A33951CBECFDF00B6F586 /* Assets.xcassets */,
				099A33971CBECFDF00B6F586 /* LaunchScreen.storyboard */,
				099A339A1CBECFDF00B6F586 /* Info.plist */,
			);
			path = flickr;
			sourceTree = "<group>";
		};
		099A33A21CBECFE000B6F586 /* flickrTests */ = {
			isa = PBXGroup;
			children = (
				099A33A31CBECFE000B6F586 /* flickrTests.swift */,
				099A33A51CBECFE000B6F586 /* Info.plist */,
			);
			path = flickrTests;
			sourceTree = "<group>";
		};
		099A33AD1CBECFE000B6F586 /* flickrUITests */ = {
			isa = PBXGroup;
			children = (
				099A33AE1CBECFE000B6F586 /* flickrUITests.swift */,
				099A33B01CBECFE000B6F586 /* Info.plist */,
			);
			path = flickrUITests;
			sourceTree = "<group>";
		};
/* End PBXGroup section */

/* Begin PBXNativeTarget section */
		099A338A1CBECFDF00B6F586 /* flickr */ = {
			isa = PBXNativeTarget;
			buildConfigurationList = 099A33B31CBECFE000B6F586 /* Build configuration list for PBXNativeTarget "flickr" */;
			buildPhases = (
				099A33871CBECFDF00B6F586 /* Sources */,
				099A33881CBECFDF00B6F586 /* Frameworks */,
				099A33891CBECFDF00B6F586 /* Resources */,
			);
			buildRules = (
			);
			dependencies = (
			);
			name = flickr;
			productName = flickr;
			productReference = 099A338B1CBECFDF00B6F586 /* flickr.app */;
			productType = "com.apple.product-type.application";
		};
		099A339E1CBECFE000B6F586 /* flickrTests */ = {
			isa = PBXNativeTarget;
			buildConfigurationList = 099A33B61CBECFE000B6F586 /* Build configuration list for PBXNativeTarget "flickrTests" */;
			buildPhases = (
				099A339B1CBECFE000B6F586 /* Sources */,
				099A339C1CBECFE000B6F586 /* Frameworks */,
				099A339D1CBECFE000B6F586 /* Resources */,
			);
			buildRules = (
			);
			dependencies = (
				099A33A11CBECFE000B6F586 /* PBXTargetDependency */,
			);
			name = flickrTests;
			productName = flickrTests;
			productReference = 099A339F1CBECFE000B6F586 /* flickrTests.xctest */;
			productType = "com.apple.product-type.bundle.unit-test";
		};
		099A33A91CBECFE000B6F586 /* flickrUITests */ = {
			isa = PBXNativeTarget;
			buildConfigurationList = 099A33B91CBECFE000B6F586 /* Build configuration list for PBXNativeTarget "flickrUITests" */;
			buildPhases = (
				099A33A61CBECFE000B6F586 /* Sources */,
				099A33A71CBECFE000B6F586 /* Frameworks */,
				099A33A81CBECFE000B6F586 /* Resources */,
			);
			buildRules = (
			);
			dependencies = (
				099A33AC1CBECFE000B6F586 /* PBXTargetDependency */,
			);
			name = flickrUITests;
			productName = flickrUITests;
			productReference = 099A33AA1CBECFE000B6F586 /* flickrUITests.xctest */;
			productType = "com.apple.product-type.bundle.ui-testing";
		};
/* End PBXNativeTarget section */

/* Begin PBXProject section */
		099A33831CBECFDF00B6F586 /* Project object */ = {
			isa = PBXProject;
			attributes = {
				LastSwiftUpdateCheck = 0730;
				LastUpgradeCheck = 0730;
				ORGANIZATIONNAME = "Andrius Steponavicius";
				TargetAttributes = {
					099A338A1CBECFDF00B6F586 = {
						CreatedOnToolsVersion = 7.3;
					};
					099A339E1CBECFE000B6F586 = {
						CreatedOnToolsVersion = 7.3;
						TestTargetID = 099A338A1CBECFDF00B6F586;
					};
					099A33A91CBECFE000B6F586 = {
						CreatedOnToolsVersion = 7.3;
						TestTargetID = 099A338A1CBECFDF00B6F586;
					};
				};
			};
			buildConfigurationList = 099A33861CBECFDF00B6F586 /* Build configuration list for PBXProject "flickr" */;
			compatibilityVersion = "Xcode 3.2";
			developmentRegion = English;
			hasScannedForEncodings = 0;
			knownRegions = (
				en,
				Base,
			);
			mainGroup = 099A33821CBECFDF00B6F586;
			productRefGroup = 099A338C1CBECFDF00B6F586 /* Products */;
			projectDirPath = "";
			projectRoot = "";
			targets = (
				099A338A1CBECFDF00B6F586 /* flickr */,
				099A339E1CBECFE000B6F586 /* flickrTests */,
				099A33A91CBECFE000B6F586 /* flickrUITests */,
			);
		};
/* End PBXProject section */

/* Begin PBXResourcesBuildPhase section */
		099A33891CBECFDF00B6F586 /* Resources */ = {
			isa = PBXResourcesBuildPhase;
			buildActionMask = 2147483647;
			files = (
				099A33991CBECFDF00B6F586 /* LaunchScreen.storyboard in Resources */,
				099A33961CBECFDF00B6F586 /* Assets.xcassets in Resources */,
			);
			runOnlyForDeploymentPostprocessing = 0;
		};
		099A339D1CBECFE000B6F586 /* Resources */ = {
			isa = PBXResourcesBuildPhase;
			buildActionMask = 2147483647;
			files = (
			);
			runOnlyForDeploymentPostprocessing = 0;
		};
		099A33A81CBECFE000B6F586 /* Resources */ = {
			isa = PBXResourcesBuildPhase;
			buildActionMask = 2147483647;
			files = (
			);
			runOnlyForDeploymentPostprocessing = 0;
		};
/* End PBXResourcesBuildPhase section */

/* Begin PBXSourcesBuildPhase section */
		099A33871CBECFDF00B6F586 /* Sources */ = {
			isa = PBXSourcesBuildPhase;
			buildActionMask = 2147483647;
			files = (
				099A33BD1CBED01A00B6F586 /* RootViewController.swift in Sources */,
				099A338F1CBECFDF00B6F586 /* AppDelegate.swift in Sources */,
			);
			runOnlyForDeploymentPostprocessing = 0;
		};
		099A339B1CBECFE000B6F586 /* Sources */ = {
			isa = PBXSourcesBuildPhase;
			buildActionMask = 2147483647;
			files = (
				099A33A41CBECFE000B6F586 /* flickrTests.swift in Sources */,
			);
			runOnlyForDeploymentPostprocessing = 0;
		};
		099A33A61CBECFE000B6F586 /* Sources */ = {
			isa = PBXSourcesBuildPhase;
			buildActionMask = 2147483647;
			files = (
				099A33AF1CBECFE000B6F586 /* flickrUITests.swift in Sources */,
			);
			runOnlyForDeploymentPostprocessing = 0;
		};
/* End PBXSourcesBuildPhase section */

/* Begin PBXTargetDependency section */
		099A33A11CBECFE000B6F586 /* PBXTargetDependency */ = {
			isa = PBXTargetDependency;
			target = 099A338A1CBECFDF00B6F586 /* flickr */;
			targetProxy = 099A33A01CBECFE000B6F586 /* PBXContainerItemProxy */;
		};
		099A33AC1CBECFE000B6F586 /* PBXTargetDependency */ = {
			isa = PBXTargetDependency;
			target = 099A338A1CBECFDF00B6F586 /* flickr */;
			targetProxy = 099A33AB1CBECFE000B6F586 /* PBXContainerItemProxy */;
		};
/* End PBXTargetDependency section */

/* Begin PBXVariantGroup section */
		099A33971CBECFDF00B6F586 /* LaunchScreen.storyboard */ = {
			isa = PBXVariantGroup;
			children = (
				099A33981CBECFDF00B6F586 /* Base */,
			);
			name = LaunchScreen.storyboard;
			sourceTree = "<group>";
		};
/* End PBXVariantGroup section */

/* Begin XCBuildConfiguration section */
		099A33B11CBECFE000B6F586 /* Debug */ = {
			isa = XCBuildConfiguration;
			buildSettings = {
				ALWAYS_SEARCH_USER_PATHS = NO;
				CLANG_ANALYZER_NONNULL = YES;
				CLANG_CXX_LANGUAGE_STANDARD = "gnu++0x";
				CLANG_CXX_LIBRARY = "libc++";
				CLANG_ENABLE_MODULES = YES;
				CLANG_ENABLE_OBJC_ARC = YES;
				CLANG_WARN_BOOL_CONVERSION = YES;
				CLANG_WARN_CONSTANT_CONVERSION = YES;
				CLANG_WARN_DIRECT_OBJC_ISA_USAGE = YES_ERROR;
				CLANG_WARN_EMPTY_BODY = YES;
				CLANG_WARN_ENUM_CONVERSION = YES;
				CLANG_WARN_INT_CONVERSION = YES;
				CLANG_WARN_OBJC_ROOT_CLASS = YES_ERROR;
				CLANG_WARN_UNREACHABLE_CODE = YES;
				CLANG_WARN__DUPLICATE_METHOD_MATCH = YES;
				"CODE_SIGN_IDENTITY[sdk=iphoneos*]" = "iPhone Developer";
				COPY_PHASE_STRIP = NO;
				DEBUG_INFORMATION_FORMAT = dwarf;
				ENABLE_STRICT_OBJC_MSGSEND = YES;
				ENABLE_TESTABILITY = YES;
				GCC_C_LANGUAGE_STANDARD = gnu99;
				GCC_DYNAMIC_NO_PIC = NO;
				GCC_NO_COMMON_BLOCKS = YES;
				GCC_OPTIMIZATION_LEVEL = 0;
				GCC_PREPROCESSOR_DEFINITIONS = (
					"DEBUG=1",
					"$(inherited)",
				);
				GCC_WARN_64_TO_32_BIT_CONVERSION = YES;
				GCC_WARN_ABOUT_RETURN_TYPE = YES_ERROR;
				GCC_WARN_UNDECLARED_SELECTOR = YES;
				GCC_WARN_UNINITIALIZED_AUTOS = YES_AGGRESSIVE;
				GCC_WARN_UNUSED_FUNCTION = YES;
				GCC_WARN_UNUSED_VARIABLE = YES;
				IPHONEOS_DEPLOYMENT_TARGET = 9.3;
				MTL_ENABLE_DEBUG_INFO = YES;
				ONLY_ACTIVE_ARCH = YES;
				SDKROOT = iphoneos;
				SWIFT_OPTIMIZATION_LEVEL = "-Onone";
				TARGETED_DEVICE_FAMILY = "1,2";
			};
			name = Debug;
		};
		099A33B21CBECFE000B6F586 /* Release */ = {
			isa = XCBuildConfiguration;
			buildSettings = {
				ALWAYS_SEARCH_USER_PATHS = NO;
				CLANG_ANALYZER_NONNULL = YES;
				CLANG_CXX_LANGUAGE_STANDARD = "gnu++0x";
				CLANG_CXX_LIBRARY = "libc++";
				CLANG_ENABLE_MODULES = YES;
				CLANG_ENABLE_OBJC_ARC = YES;
				CLANG_WARN_BOOL_CONVERSION = YES;
				CLANG_WARN_CONSTANT_CONVERSION = YES;
				CLANG_WARN_DIRECT_OBJC_ISA_USAGE = YES_ERROR;
				CLANG_WARN_EMPTY_BODY = YES;
				CLANG_WARN_ENUM_CONVERSION = YES;
				CLANG_WARN_INT_CONVERSION = YES;
				CLANG_WARN_OBJC_ROOT_CLASS = YES_ERROR;
				CLANG_WARN_UNREACHABLE_CODE = YES;
				CLANG_WARN__DUPLICATE_METHOD_MATCH = YES;
				"CODE_SIGN_IDENTITY[sdk=iphoneos*]" = "iPhone Developer";
				COPY_PHASE_STRIP = NO;
				DEBUG_INFORMATION_FORMAT = "dwarf-with-dsym";
				ENABLE_NS_ASSERTIONS = NO;
				ENABLE_STRICT_OBJC_MSGSEND = YES;
				GCC_C_LANGUAGE_STANDARD = gnu99;
				GCC_NO_COMMON_BLOCKS = YES;
				GCC_WARN_64_TO_32_BIT_CONVERSION = YES;
				GCC_WARN_ABOUT_RETURN_TYPE = YES_ERROR;
				GCC_WARN_UNDECLARED_SELECTOR = YES;
				GCC_WARN_UNINITIALIZED_AUTOS = YES_AGGRESSIVE;
				GCC_WARN_UNUSED_FUNCTION = YES;
				GCC_WARN_UNUSED_VARIABLE = YES;
				IPHONEOS_DEPLOYMENT_TARGET = 9.3;
				MTL_ENABLE_DEBUG_INFO = NO;
				SDKROOT = iphoneos;
				TARGETED_DEVICE_FAMILY = "1,2";
				VALIDATE_PRODUCT = YES;
			};
			name = Release;
		};
		099A33B41CBECFE000B6F586 /* Debug */ = {
			isa = XCBuildConfiguration;
			buildSettings = {
				ASSETCATALOG_COMPILER_APPICON_NAME = AppIcon;
				INFOPLIST_FILE = flickr/Info.plist;
				LD_RUNPATH_SEARCH_PATHS = "$(inherited) @executable_path/Frameworks";
				PRODUCT_BUNDLE_IDENTIFIER = com.andriussteponavicius.flickr;
				PRODUCT_NAME = "$(TARGET_NAME)";
			};
			name = Debug;
		};
		099A33B51CBECFE000B6F586 /* Release */ = {
			isa = XCBuildConfiguration;
			buildSettings = {
				ASSETCATALOG_COMPILER_APPICON_NAME = AppIcon;
				INFOPLIST_FILE = flickr/Info.plist;
				LD_RUNPATH_SEARCH_PATHS = "$(inherited) @executable_path/Frameworks";
				PRODUCT_BUNDLE_IDENTIFIER = com.andriussteponavicius.flickr;
				PRODUCT_NAME = "$(TARGET_NAME)";
			};
			name = Release;
		};
		099A33B71CBECFE000B6F586 /* Debug */ = {
			isa = XCBuildConfiguration;
			buildSettings = {
				BUNDLE_LOADER = "$(TEST_HOST)";
				INFOPLIST_FILE = flickrTests/Info.plist;
				LD_RUNPATH_SEARCH_PATHS = "$(inherited) @executable_path/Frameworks @loader_path/Frameworks";
				PRODUCT_BUNDLE_IDENTIFIER = com.andriussteponavicius.flickrTests;
				PRODUCT_NAME = "$(TARGET_NAME)";
				TEST_HOST = "$(BUILT_PRODUCTS_DIR)/flickr.app/flickr";
			};
			name = Debug;
		};
		099A33B81CBECFE000B6F586 /* Release */ = {
			isa = XCBuildConfiguration;
			buildSettings = {
				BUNDLE_LOADER = "$(TEST_HOST)";
				INFOPLIST_FILE = flickrTests/Info.plist;
				LD_RUNPATH_SEARCH_PATHS = "$(inherited) @executable_path/Frameworks @loader_path/Frameworks";
				PRODUCT_BUNDLE_IDENTIFIER = com.andriussteponavicius.flickrTests;
				PRODUCT_NAME = "$(TARGET_NAME)";
				TEST_HOST = "$(BUILT_PRODUCTS_DIR)/flickr.app/flickr";
			};
			name = Release;
		};
		099A33BA1CBECFE000B6F586 /* Debug */ = {
			isa = XCBuildConfiguration;
			buildSettings = {
				INFOPLIST_FILE = flickrUITests/Info.plist;
				LD_RUNPATH_SEARCH_PATHS = "$(inherited) @executable_path/Frameworks @loader_path/Frameworks";
				PRODUCT_BUNDLE_IDENTIFIER = com.andriussteponavicius.flickrUITests;
				PRODUCT_NAME = "$(TARGET_NAME)";
				TEST_TARGET_NAME = flickr;
			};
			name = Debug;
		};
		099A33BB1CBECFE000B6F586 /* Release */ = {
			isa = XCBuildConfiguration;
			buildSettings = {
				INFOPLIST_FILE = flickrUITests/Info.plist;
				LD_RUNPATH_SEARCH_PATHS = "$(inherited) @executable_path/Frameworks @loader_path/Frameworks";
				PRODUCT_BUNDLE_IDENTIFIER = com.andriussteponavicius.flickrUITests;
				PRODUCT_NAME = "$(TARGET_NAME)";
				TEST_TARGET_NAME = flickr;
			};
			name = Release;
		};
/* End XCBuildConfiguration section */

/* Begin XCConfigurationList section */
		099A33861CBECFDF00B6F586 /* Build configuration list for PBXProject "flickr" */ = {
			isa = XCConfigurationList;
			buildConfigurations = (
				099A33B11CBECFE000B6F586 /* Debug */,
				099A33B21CBECFE000B6F586 /* Release */,
			);
			defaultConfigurationIsVisible = 0;
			defaultConfigurationName = Release;
		};
		099A33B31CBECFE000B6F586 /* Build configuration list for PBXNativeTarget "flickr" */ = {
			isa = XCConfigurationList;
			buildConfigurations = (
				099A33B41CBECFE000B6F586 /* Debug */,
				099A33B51CBECFE000B6F586 /* Release */,
			);
			defaultConfigurationIsVisible = 0;
		};
		099A33B61CBECFE000B6F586 /* Build configuration list for PBXNativeTarget "flickrTests" */ = {
			isa = XCConfigurationList;
			buildConfigurations = (
				099A33B71CBECFE000B6F586 /* Debug */,
				099A33B81CBECFE000B6F586 /* Release */,
			);
			defaultConfigurationIsVisible = 0;
		};
		099A33B91CBECFE000B6F586 /* Build configuration list for PBXNativeTarget "flickrUITests" */ = {
			isa = XCConfigurationList;
			buildConfigurations = (
				099A33BA1CBECFE000B6F586 /* Debug */,
				099A33BB1CBECFE000B6F586 /* Release */,
			);
			defaultConfigurationIsVisible = 0;
		};
/* End XCConfigurationList section */
	};
	rootObject = 099A33831CBECFDF00B6F586 /* Project object */;
}
